
Microsoft Visual Studio Solution File, Format Version 12.00
# Visual Studio Version 17
VisualStudioVersion = 17.0.31903.59
MinimumVisualStudioVersion = 10.0.40219.1
Project("{FAE04EC0-301F-11D3-BF4B-00C04F79EFBC}") = "myapp", "myapp\myapp.csproj", "{FD2709DB-207F-4A73-8516-2CCA8528E6FD}"
EndProject
Global
	GlobalSection(SolutionConfigurationPlatforms) = preSolution
		Debug|Any CPU = Debug|Any CPU
		Release|Any CPU = Release|Any CPU
	EndGlobalSection
	GlobalSection(SolutionProperties) = preSolution
		HideSolutionNode = FALSE
	EndGlobalSection
	GlobalSection(ProjectConfigurationPlatforms) = postSolution
		{FD2709DB-207F-4A73-8516-2CCA8528E6FD}.Debug|Any CPU.ActiveCfg = Debug|Any CPU
		{FD2709DB-207F-4A73-8516-2CCA8528E6FD}.Debug|Any CPU.Build.0 = Debug|Any CPU
		{FD2709DB-207F-4A73-8516-2CCA8528E6FD}.Release|Any CPU.ActiveCfg = Release|Any CPU
		{FD2709DB-207F-4A73-8516-2CCA8528E6FD}.Release|Any CPU.Build.0 = Release|Any CPU
	EndGlobalSection
EndGlobal
